// !$*UTF8*$!
{
	archiveVersion = 1;
	classes = {
	};
	objectVersion = 55;
	objects = {

/* Begin PBXBuildFile section */
		059ABE21E96FB584EC597407 /* Pods_MarvelAppTests.framework in Frameworks */ = {isa = PBXBuildFile; fileRef = EDD3A7ECFFC941CC53E99D32 /* Pods_MarvelAppTests.framework */; };
		4B1950EC73942AD780DB6244 /* Pods_MarvelApp.framework in Frameworks */ = {isa = PBXBuildFile; fileRef = 39C37A4CE7C38E7AFC860D69 /* Pods_MarvelApp.framework */; };
		5BD9268B27FD755200C3CCAD /* AppDelegate.swift in Sources */ = {isa = PBXBuildFile; fileRef = 5BD9268A27FD755200C3CCAD /* AppDelegate.swift */; };
		5BD9268D27FD755200C3CCAD /* SceneDelegate.swift in Sources */ = {isa = PBXBuildFile; fileRef = 5BD9268C27FD755200C3CCAD /* SceneDelegate.swift */; };
		5BD9268F27FD755200C3CCAD /* ViewController.swift in Sources */ = {isa = PBXBuildFile; fileRef = 5BD9268E27FD755200C3CCAD /* ViewController.swift */; };
		5BD9269227FD755200C3CCAD /* Main.storyboard in Resources */ = {isa = PBXBuildFile; fileRef = 5BD9269027FD755200C3CCAD /* Main.storyboard */; };
		5BD9269427FD755400C3CCAD /* Assets.xcassets in Resources */ = {isa = PBXBuildFile; fileRef = 5BD9269327FD755400C3CCAD /* Assets.xcassets */; };
		5BD9269727FD755400C3CCAD /* LaunchScreen.storyboard in Resources */ = {isa = PBXBuildFile; fileRef = 5BD9269527FD755400C3CCAD /* LaunchScreen.storyboard */; };
		5BD926A227FD755500C3CCAD /* MarvelAppTests.swift in Sources */ = {isa = PBXBuildFile; fileRef = 5BD926A127FD755500C3CCAD /* MarvelAppTests.swift */; };
		5BD926AC27FD755500C3CCAD /* MarvelAppUITests.swift in Sources */ = {isa = PBXBuildFile; fileRef = 5BD926AB27FD755500C3CCAD /* MarvelAppUITests.swift */; };
		5BD926AE27FD755500C3CCAD /* MarvelAppUITestsLaunchTests.swift in Sources */ = {isa = PBXBuildFile; fileRef = 5BD926AD27FD755500C3CCAD /* MarvelAppUITestsLaunchTests.swift */; };
		5BD926BD27FD7A1400C3CCAD /* BaseAPI.swift in Sources */ = {isa = PBXBuildFile; fileRef = 5BD926BC27FD7A1400C3CCAD /* BaseAPI.swift */; };
		5BD926C027FD7B1000C3CCAD /* APIService.swift in Sources */ = {isa = PBXBuildFile; fileRef = 5BD926BF27FD7B1000C3CCAD /* APIService.swift */; };
		5BD926C227FD7CB000C3CCAD /* NetworkConstants.swift in Sources */ = {isa = PBXBuildFile; fileRef = 5BD926C127FD7CB000C3CCAD /* NetworkConstants.swift */; };
		5BD926C527FD848B00C3CCAD /* CharactersAPI.swift in Sources */ = {isa = PBXBuildFile; fileRef = 5BD926C427FD848B00C3CCAD /* CharactersAPI.swift */; };
		5BD926C927FD8D2A00C3CCAD /* GetCharactersUseCase.swift in Sources */ = {isa = PBXBuildFile; fileRef = 5BD926C827FD8D2A00C3CCAD /* GetCharactersUseCase.swift */; };
		5BD926CE27FD925500C3CCAD /* String+MD5.swift in Sources */ = {isa = PBXBuildFile; fileRef = 5BD926CD27FD925500C3CCAD /* String+MD5.swift */; };
		B70FFC1A4AF50AD4D10C3F73 /* Pods_MarvelApp_MarvelAppUITests.framework in Frameworks */ = {isa = PBXBuildFile; fileRef = 9881A79BFDD41EC9F8C4E04E /* Pods_MarvelApp_MarvelAppUITests.framework */; };
/* End PBXBuildFile section */

/* Begin PBXContainerItemProxy section */
		5BD9269E27FD755500C3CCAD /* PBXContainerItemProxy */ = {
			isa = PBXContainerItemProxy;
			containerPortal = 5BD9267F27FD755200C3CCAD /* Project object */;
			proxyType = 1;
			remoteGlobalIDString = 5BD9268627FD755200C3CCAD;
			remoteInfo = MarvelApp;
		};
		5BD926A827FD755500C3CCAD /* PBXContainerItemProxy */ = {
			isa = PBXContainerItemProxy;
			containerPortal = 5BD9267F27FD755200C3CCAD /* Project object */;
			proxyType = 1;
			remoteGlobalIDString = 5BD9268627FD755200C3CCAD;
			remoteInfo = MarvelApp;
		};
/* End PBXContainerItemProxy section */

/* Begin PBXFileReference section */
		39C37A4CE7C38E7AFC860D69 /* Pods_MarvelApp.framework */ = {isa = PBXFileReference; explicitFileType = wrapper.framework; includeInIndex = 0; path = Pods_MarvelApp.framework; sourceTree = BUILT_PRODUCTS_DIR; };
		54DEDB89B5B3352968189152 /* Pods-MarvelApp-MarvelAppUITests.debug.xcconfig */ = {isa = PBXFileReference; includeInIndex = 1; lastKnownFileType = text.xcconfig; name = "Pods-MarvelApp-MarvelAppUITests.debug.xcconfig"; path = "Target Support Files/Pods-MarvelApp-MarvelAppUITests/Pods-MarvelApp-MarvelAppUITests.debug.xcconfig"; sourceTree = "<group>"; };
		5B6996D40DBF0908E7A1203A /* Pods-MarvelAppTests.release.xcconfig */ = {isa = PBXFileReference; includeInIndex = 1; lastKnownFileType = text.xcconfig; name = "Pods-MarvelAppTests.release.xcconfig"; path = "Target Support Files/Pods-MarvelAppTests/Pods-MarvelAppTests.release.xcconfig"; sourceTree = "<group>"; };
		5BD9268727FD755200C3CCAD /* MarvelApp.app */ = {isa = PBXFileReference; explicitFileType = wrapper.application; includeInIndex = 0; path = MarvelApp.app; sourceTree = BUILT_PRODUCTS_DIR; };
		5BD9268A27FD755200C3CCAD /* AppDelegate.swift */ = {isa = PBXFileReference; lastKnownFileType = sourcecode.swift; path = AppDelegate.swift; sourceTree = "<group>"; };
		5BD9268C27FD755200C3CCAD /* SceneDelegate.swift */ = {isa = PBXFileReference; lastKnownFileType = sourcecode.swift; path = SceneDelegate.swift; sourceTree = "<group>"; };
		5BD9268E27FD755200C3CCAD /* ViewController.swift */ = {isa = PBXFileReference; lastKnownFileType = sourcecode.swift; path = ViewController.swift; sourceTree = "<group>"; };
		5BD9269127FD755200C3CCAD /* Base */ = {isa = PBXFileReference; lastKnownFileType = file.storyboard; name = Base; path = Base.lproj/Main.storyboard; sourceTree = "<group>"; };
		5BD9269327FD755400C3CCAD /* Assets.xcassets */ = {isa = PBXFileReference; lastKnownFileType = folder.assetcatalog; path = Assets.xcassets; sourceTree = "<group>"; };
		5BD9269627FD755400C3CCAD /* Base */ = {isa = PBXFileReference; lastKnownFileType = file.storyboard; name = Base; path = Base.lproj/LaunchScreen.storyboard; sourceTree = "<group>"; };
		5BD9269827FD755400C3CCAD /* Info.plist */ = {isa = PBXFileReference; lastKnownFileType = text.plist.xml; path = Info.plist; sourceTree = "<group>"; };
		5BD9269D27FD755500C3CCAD /* MarvelAppTests.xctest */ = {isa = PBXFileReference; explicitFileType = wrapper.cfbundle; includeInIndex = 0; path = MarvelAppTests.xctest; sourceTree = BUILT_PRODUCTS_DIR; };
		5BD926A127FD755500C3CCAD /* MarvelAppTests.swift */ = {isa = PBXFileReference; lastKnownFileType = sourcecode.swift; path = MarvelAppTests.swift; sourceTree = "<group>"; };
		5BD926A727FD755500C3CCAD /* MarvelAppUITests.xctest */ = {isa = PBXFileReference; explicitFileType = wrapper.cfbundle; includeInIndex = 0; path = MarvelAppUITests.xctest; sourceTree = BUILT_PRODUCTS_DIR; };
		5BD926AB27FD755500C3CCAD /* MarvelAppUITests.swift */ = {isa = PBXFileReference; lastKnownFileType = sourcecode.swift; path = MarvelAppUITests.swift; sourceTree = "<group>"; };
		5BD926AD27FD755500C3CCAD /* MarvelAppUITestsLaunchTests.swift */ = {isa = PBXFileReference; lastKnownFileType = sourcecode.swift; path = MarvelAppUITestsLaunchTests.swift; sourceTree = "<group>"; };
		5BD926BC27FD7A1400C3CCAD /* BaseAPI.swift */ = {isa = PBXFileReference; lastKnownFileType = sourcecode.swift; path = BaseAPI.swift; sourceTree = "<group>"; };
		5BD926BF27FD7B1000C3CCAD /* APIService.swift */ = {isa = PBXFileReference; lastKnownFileType = sourcecode.swift; path = APIService.swift; sourceTree = "<group>"; };
		5BD926C127FD7CB000C3CCAD /* NetworkConstants.swift */ = {isa = PBXFileReference; lastKnownFileType = sourcecode.swift; path = NetworkConstants.swift; sourceTree = "<group>"; };
		5BD926C427FD848B00C3CCAD /* CharactersAPI.swift */ = {isa = PBXFileReference; lastKnownFileType = sourcecode.swift; path = CharactersAPI.swift; sourceTree = "<group>"; };
		5BD926C827FD8D2A00C3CCAD /* GetCharactersUseCase.swift */ = {isa = PBXFileReference; lastKnownFileType = sourcecode.swift; path = GetCharactersUseCase.swift; sourceTree = "<group>"; };
		5BD926CD27FD925500C3CCAD /* String+MD5.swift */ = {isa = PBXFileReference; lastKnownFileType = sourcecode.swift; path = "String+MD5.swift"; sourceTree = "<group>"; };
		74E70DAC75BE5DB4962EE3F5 /* Pods-MarvelApp-MarvelAppUITests.release.xcconfig */ = {isa = PBXFileReference; includeInIndex = 1; lastKnownFileType = text.xcconfig; name = "Pods-MarvelApp-MarvelAppUITests.release.xcconfig"; path = "Target Support Files/Pods-MarvelApp-MarvelAppUITests/Pods-MarvelApp-MarvelAppUITests.release.xcconfig"; sourceTree = "<group>"; };
		9881A79BFDD41EC9F8C4E04E /* Pods_MarvelApp_MarvelAppUITests.framework */ = {isa = PBXFileReference; explicitFileType = wrapper.framework; includeInIndex = 0; path = Pods_MarvelApp_MarvelAppUITests.framework; sourceTree = BUILT_PRODUCTS_DIR; };
		98B3DF2151AD76C7EC219E40 /* Pods-MarvelApp.release.xcconfig */ = {isa = PBXFileReference; includeInIndex = 1; lastKnownFileType = text.xcconfig; name = "Pods-MarvelApp.release.xcconfig"; path = "Target Support Files/Pods-MarvelApp/Pods-MarvelApp.release.xcconfig"; sourceTree = "<group>"; };
		9F2FA983D7C261E6701FAFFA /* Pods-MarvelAppTests.debug.xcconfig */ = {isa = PBXFileReference; includeInIndex = 1; lastKnownFileType = text.xcconfig; name = "Pods-MarvelAppTests.debug.xcconfig"; path = "Target Support Files/Pods-MarvelAppTests/Pods-MarvelAppTests.debug.xcconfig"; sourceTree = "<group>"; };
		AF999BB9D8980F76D12D8FB4 /* Pods-MarvelApp.debug.xcconfig */ = {isa = PBXFileReference; includeInIndex = 1; lastKnownFileType = text.xcconfig; name = "Pods-MarvelApp.debug.xcconfig"; path = "Target Support Files/Pods-MarvelApp/Pods-MarvelApp.debug.xcconfig"; sourceTree = "<group>"; };
		EDD3A7ECFFC941CC53E99D32 /* Pods_MarvelAppTests.framework */ = {isa = PBXFileReference; explicitFileType = wrapper.framework; includeInIndex = 0; path = Pods_MarvelAppTests.framework; sourceTree = BUILT_PRODUCTS_DIR; };
/* End PBXFileReference section */

/* Begin PBXFrameworksBuildPhase section */
		5BD9268427FD755200C3CCAD /* Frameworks */ = {
			isa = PBXFrameworksBuildPhase;
			buildActionMask = 2147483647;
			files = (
				4B1950EC73942AD780DB6244 /* Pods_MarvelApp.framework in Frameworks */,
			);
			runOnlyForDeploymentPostprocessing = 0;
		};
		5BD9269A27FD755500C3CCAD /* Frameworks */ = {
			isa = PBXFrameworksBuildPhase;
			buildActionMask = 2147483647;
			files = (
				059ABE21E96FB584EC597407 /* Pods_MarvelAppTests.framework in Frameworks */,
			);
			runOnlyForDeploymentPostprocessing = 0;
		};
		5BD926A427FD755500C3CCAD /* Frameworks */ = {
			isa = PBXFrameworksBuildPhase;
			buildActionMask = 2147483647;
			files = (
				B70FFC1A4AF50AD4D10C3F73 /* Pods_MarvelApp_MarvelAppUITests.framework in Frameworks */,
			);
			runOnlyForDeploymentPostprocessing = 0;
		};
/* End PBXFrameworksBuildPhase section */

/* Begin PBXGroup section */
		5BD9267E27FD755200C3CCAD = {
			isa = PBXGroup;
			children = (
				5BD9268927FD755200C3CCAD /* MarvelApp */,
				5BD926A027FD755500C3CCAD /* MarvelAppTests */,
				5BD926AA27FD755500C3CCAD /* MarvelAppUITests */,
				5BD9268827FD755200C3CCAD /* Products */,
				8A7A4E898D2F9CCD6CC3C747 /* Pods */,
				A1823251E01DB92CF6D16C83 /* Frameworks */,
			);
			sourceTree = "<group>";
		};
		5BD9268827FD755200C3CCAD /* Products */ = {
			isa = PBXGroup;
			children = (
				5BD9268727FD755200C3CCAD /* MarvelApp.app */,
				5BD9269D27FD755500C3CCAD /* MarvelAppTests.xctest */,
				5BD926A727FD755500C3CCAD /* MarvelAppUITests.xctest */,
			);
			name = Products;
			sourceTree = "<group>";
		};
		5BD9268927FD755200C3CCAD /* MarvelApp */ = {
			isa = PBXGroup;
			children = (
				5BD926C627FD8D0C00C3CCAD /* Domain */,
				5BD926C327FD841C00C3CCAD /* Data */,
				5BD926BA27FD79F400C3CCAD /* Infrastructure */,
				5BD9268A27FD755200C3CCAD /* AppDelegate.swift */,
				5BD9268C27FD755200C3CCAD /* SceneDelegate.swift */,
				5BD9268E27FD755200C3CCAD /* ViewController.swift */,
				5BD9269027FD755200C3CCAD /* Main.storyboard */,
				5BD9269327FD755400C3CCAD /* Assets.xcassets */,
				5BD9269527FD755400C3CCAD /* LaunchScreen.storyboard */,
				5BD9269827FD755400C3CCAD /* Info.plist */,
			);
			path = MarvelApp;
			sourceTree = "<group>";
		};
		5BD926A027FD755500C3CCAD /* MarvelAppTests */ = {
			isa = PBXGroup;
			children = (
				5BD926A127FD755500C3CCAD /* MarvelAppTests.swift */,
			);
			path = MarvelAppTests;
			sourceTree = "<group>";
		};
		5BD926AA27FD755500C3CCAD /* MarvelAppUITests */ = {
			isa = PBXGroup;
			children = (
				5BD926AB27FD755500C3CCAD /* MarvelAppUITests.swift */,
				5BD926AD27FD755500C3CCAD /* MarvelAppUITestsLaunchTests.swift */,
			);
			path = MarvelAppUITests;
			sourceTree = "<group>";
		};
		5BD926BA27FD79F400C3CCAD /* Infrastructure */ = {
			isa = PBXGroup;
			children = (
				5BD926BB27FD7A0000C3CCAD /* Network */,
			);
			path = Infrastructure;
			sourceTree = "<group>";
		};
		5BD926BB27FD7A0000C3CCAD /* Network */ = {
			isa = PBXGroup;
			children = (
				5BD926BE27FD7AFB00C3CCAD /* Extensions */,
				5BD926BC27FD7A1400C3CCAD /* BaseAPI.swift */,
				5BD926BF27FD7B1000C3CCAD /* APIService.swift */,
				5BD926C127FD7CB000C3CCAD /* NetworkConstants.swift */,
			);
			path = Network;
			sourceTree = "<group>";
		};
		5BD926BE27FD7AFB00C3CCAD /* Extensions */ = {
			isa = PBXGroup;
			children = (
				5BD926CD27FD925500C3CCAD /* String+MD5.swift */,
			);
			path = Extensions;
			sourceTree = "<group>";
		};
		5BD926C327FD841C00C3CCAD /* Data */ = {
			isa = PBXGroup;
			children = (
				5BD926C427FD848B00C3CCAD /* CharactersAPI.swift */,
			);
			path = Data;
			sourceTree = "<group>";
		};
		5BD926C627FD8D0C00C3CCAD /* Domain */ = {
			isa = PBXGroup;
			children = (
				5BD926C727FD8D1200C3CCAD /* UseCases */,
			);
			path = Domain;
			sourceTree = "<group>";
		};
		5BD926C727FD8D1200C3CCAD /* UseCases */ = {
			isa = PBXGroup;
			children = (
				5BD926C827FD8D2A00C3CCAD /* GetCharactersUseCase.swift */,
			);
			path = UseCases;
			sourceTree = "<group>";
		};
		8A7A4E898D2F9CCD6CC3C747 /* Pods */ = {
			isa = PBXGroup;
			children = (
				AF999BB9D8980F76D12D8FB4 /* Pods-MarvelApp.debug.xcconfig */,
				98B3DF2151AD76C7EC219E40 /* Pods-MarvelApp.release.xcconfig */,
				54DEDB89B5B3352968189152 /* Pods-MarvelApp-MarvelAppUITests.debug.xcconfig */,
				74E70DAC75BE5DB4962EE3F5 /* Pods-MarvelApp-MarvelAppUITests.release.xcconfig */,
				9F2FA983D7C261E6701FAFFA /* Pods-MarvelAppTests.debug.xcconfig */,
				5B6996D40DBF0908E7A1203A /* Pods-MarvelAppTests.release.xcconfig */,
			);
			path = Pods;
			sourceTree = "<group>";
		};
		A1823251E01DB92CF6D16C83 /* Frameworks */ = {
			isa = PBXGroup;
			children = (
				39C37A4CE7C38E7AFC860D69 /* Pods_MarvelApp.framework */,
				9881A79BFDD41EC9F8C4E04E /* Pods_MarvelApp_MarvelAppUITests.framework */,
				EDD3A7ECFFC941CC53E99D32 /* Pods_MarvelAppTests.framework */,
			);
			name = Frameworks;
			sourceTree = "<group>";
		};
/* End PBXGroup section */

/* Begin PBXNativeTarget section */
		5BD9268627FD755200C3CCAD /* MarvelApp */ = {
			isa = PBXNativeTarget;
			buildConfigurationList = 5BD926B127FD755500C3CCAD /* Build configuration list for PBXNativeTarget "MarvelApp" */;
			buildPhases = (
				645419554F8BF93EE127FD90 /* [CP] Check Pods Manifest.lock */,
				5BD9268327FD755200C3CCAD /* Sources */,
				5BD9268427FD755200C3CCAD /* Frameworks */,
				5BD9268527FD755200C3CCAD /* Resources */,
				8A41E9EF13250E24FB8F82EF /* [CP] Embed Pods Frameworks */,
			);
			buildRules = (
			);
			dependencies = (
			);
			name = MarvelApp;
			productName = MarvelApp;
			productReference = 5BD9268727FD755200C3CCAD /* MarvelApp.app */;
			productType = "com.apple.product-type.application";
		};
		5BD9269C27FD755500C3CCAD /* MarvelAppTests */ = {
			isa = PBXNativeTarget;
			buildConfigurationList = 5BD926B427FD755500C3CCAD /* Build configuration list for PBXNativeTarget "MarvelAppTests" */;
			buildPhases = (
				8240061817DCFCAB888ED5AD /* [CP] Check Pods Manifest.lock */,
				5BD9269927FD755500C3CCAD /* Sources */,
				5BD9269A27FD755500C3CCAD /* Frameworks */,
				5BD9269B27FD755500C3CCAD /* Resources */,
			);
			buildRules = (
			);
			dependencies = (
				5BD9269F27FD755500C3CCAD /* PBXTargetDependency */,
			);
			name = MarvelAppTests;
			productName = MarvelAppTests;
			productReference = 5BD9269D27FD755500C3CCAD /* MarvelAppTests.xctest */;
			productType = "com.apple.product-type.bundle.unit-test";
		};
		5BD926A627FD755500C3CCAD /* MarvelAppUITests */ = {
			isa = PBXNativeTarget;
			buildConfigurationList = 5BD926B727FD755500C3CCAD /* Build configuration list for PBXNativeTarget "MarvelAppUITests" */;
			buildPhases = (
				7925F287EFB30B95311AF89F /* [CP] Check Pods Manifest.lock */,
				5BD926A327FD755500C3CCAD /* Sources */,
				5BD926A427FD755500C3CCAD /* Frameworks */,
				5BD926A527FD755500C3CCAD /* Resources */,
				0D60F7BBF714E2C4BD328CDD /* [CP] Embed Pods Frameworks */,
			);
			buildRules = (
			);
			dependencies = (
				5BD926A927FD755500C3CCAD /* PBXTargetDependency */,
			);
			name = MarvelAppUITests;
			productName = MarvelAppUITests;
			productReference = 5BD926A727FD755500C3CCAD /* MarvelAppUITests.xctest */;
			productType = "com.apple.product-type.bundle.ui-testing";
		};
/* End PBXNativeTarget section */

/* Begin PBXProject section */
		5BD9267F27FD755200C3CCAD /* Project object */ = {
			isa = PBXProject;
			attributes = {
				BuildIndependentTargetsInParallel = 1;
				LastSwiftUpdateCheck = 1320;
				LastUpgradeCheck = 1320;
				TargetAttributes = {
					5BD9268627FD755200C3CCAD = {
						CreatedOnToolsVersion = 13.2.1;
					};
					5BD9269C27FD755500C3CCAD = {
						CreatedOnToolsVersion = 13.2.1;
						TestTargetID = 5BD9268627FD755200C3CCAD;
					};
					5BD926A627FD755500C3CCAD = {
						CreatedOnToolsVersion = 13.2.1;
						TestTargetID = 5BD9268627FD755200C3CCAD;
					};
				};
			};
			buildConfigurationList = 5BD9268227FD755200C3CCAD /* Build configuration list for PBXProject "MarvelApp" */;
			compatibilityVersion = "Xcode 13.0";
			developmentRegion = en;
			hasScannedForEncodings = 0;
			knownRegions = (
				en,
				Base,
			);
			mainGroup = 5BD9267E27FD755200C3CCAD;
			productRefGroup = 5BD9268827FD755200C3CCAD /* Products */;
			projectDirPath = "";
			projectRoot = "";
			targets = (
				5BD9268627FD755200C3CCAD /* MarvelApp */,
				5BD9269C27FD755500C3CCAD /* MarvelAppTests */,
				5BD926A627FD755500C3CCAD /* MarvelAppUITests */,
			);
		};
/* End PBXProject section */

/* Begin PBXResourcesBuildPhase section */
		5BD9268527FD755200C3CCAD /* Resources */ = {
			isa = PBXResourcesBuildPhase;
			buildActionMask = 2147483647;
			files = (
				5BD9269727FD755400C3CCAD /* LaunchScreen.storyboard in Resources */,
				5BD9269427FD755400C3CCAD /* Assets.xcassets in Resources */,
				5BD9269227FD755200C3CCAD /* Main.storyboard in Resources */,
			);
			runOnlyForDeploymentPostprocessing = 0;
		};
		5BD9269B27FD755500C3CCAD /* Resources */ = {
			isa = PBXResourcesBuildPhase;
			buildActionMask = 2147483647;
			files = (
			);
			runOnlyForDeploymentPostprocessing = 0;
		};
		5BD926A527FD755500C3CCAD /* Resources */ = {
			isa = PBXResourcesBuildPhase;
			buildActionMask = 2147483647;
			files = (
			);
			runOnlyForDeploymentPostprocessing = 0;
		};
/* End PBXResourcesBuildPhase section */

/* Begin PBXShellScriptBuildPhase section */
		0D60F7BBF714E2C4BD328CDD /* [CP] Embed Pods Frameworks */ = {
			isa = PBXShellScriptBuildPhase;
			buildActionMask = 2147483647;
			files = (
			);
			inputFileListPaths = (
				"${PODS_ROOT}/Target Support Files/Pods-MarvelApp-MarvelAppUITests/Pods-MarvelApp-MarvelAppUITests-frameworks-${CONFIGURATION}-input-files.xcfilelist",
			);
			name = "[CP] Embed Pods Frameworks";
			outputFileListPaths = (
				"${PODS_ROOT}/Target Support Files/Pods-MarvelApp-MarvelAppUITests/Pods-MarvelApp-MarvelAppUITests-frameworks-${CONFIGURATION}-output-files.xcfilelist",
			);
			runOnlyForDeploymentPostprocessing = 0;
			shellPath = /bin/sh;
			shellScript = "\"${PODS_ROOT}/Target Support Files/Pods-MarvelApp-MarvelAppUITests/Pods-MarvelApp-MarvelAppUITests-frameworks.sh\"\n";
			showEnvVarsInLog = 0;
		};
		645419554F8BF93EE127FD90 /* [CP] Check Pods Manifest.lock */ = {
			isa = PBXShellScriptBuildPhase;
			buildActionMask = 2147483647;
			files = (
			);
			inputFileListPaths = (
			);
			inputPaths = (
				"${PODS_PODFILE_DIR_PATH}/Podfile.lock",
				"${PODS_ROOT}/Manifest.lock",
			);
			name = "[CP] Check Pods Manifest.lock";
			outputFileListPaths = (
			);
			outputPaths = (
				"$(DERIVED_FILE_DIR)/Pods-MarvelApp-checkManifestLockResult.txt",
			);
			runOnlyForDeploymentPostprocessing = 0;
			shellPath = /bin/sh;
			shellScript = "diff \"${PODS_PODFILE_DIR_PATH}/Podfile.lock\" \"${PODS_ROOT}/Manifest.lock\" > /dev/null\nif [ $? != 0 ] ; then\n    # print error to STDERR\n    echo \"error: The sandbox is not in sync with the Podfile.lock. Run 'pod install' or update your CocoaPods installation.\" >&2\n    exit 1\nfi\n# This output is used by Xcode 'outputs' to avoid re-running this script phase.\necho \"SUCCESS\" > \"${SCRIPT_OUTPUT_FILE_0}\"\n";
			showEnvVarsInLog = 0;
		};
		7925F287EFB30B95311AF89F /* [CP] Check Pods Manifest.lock */ = {
			isa = PBXShellScriptBuildPhase;
			buildActionMask = 2147483647;
			files = (
			);
			inputFileListPaths = (
			);
			inputPaths = (
				"${PODS_PODFILE_DIR_PATH}/Podfile.lock",
				"${PODS_ROOT}/Manifest.lock",
			);
			name = "[CP] Check Pods Manifest.lock";
			outputFileListPaths = (
			);
			outputPaths = (
				"$(DERIVED_FILE_DIR)/Pods-MarvelApp-MarvelAppUITests-checkManifestLockResult.txt",
			);
			runOnlyForDeploymentPostprocessing = 0;
			shellPath = /bin/sh;
			shellScript = "diff \"${PODS_PODFILE_DIR_PATH}/Podfile.lock\" \"${PODS_ROOT}/Manifest.lock\" > /dev/null\nif [ $? != 0 ] ; then\n    # print error to STDERR\n    echo \"error: The sandbox is not in sync with the Podfile.lock. Run 'pod install' or update your CocoaPods installation.\" >&2\n    exit 1\nfi\n# This output is used by Xcode 'outputs' to avoid re-running this script phase.\necho \"SUCCESS\" > \"${SCRIPT_OUTPUT_FILE_0}\"\n";
			showEnvVarsInLog = 0;
		};
		8240061817DCFCAB888ED5AD /* [CP] Check Pods Manifest.lock */ = {
			isa = PBXShellScriptBuildPhase;
			buildActionMask = 2147483647;
			files = (
			);
			inputFileListPaths = (
			);
			inputPaths = (
				"${PODS_PODFILE_DIR_PATH}/Podfile.lock",
				"${PODS_ROOT}/Manifest.lock",
			);
			name = "[CP] Check Pods Manifest.lock";
			outputFileListPaths = (
			);
			outputPaths = (
				"$(DERIVED_FILE_DIR)/Pods-MarvelAppTests-checkManifestLockResult.txt",
			);
			runOnlyForDeploymentPostprocessing = 0;
			shellPath = /bin/sh;
			shellScript = "diff \"${PODS_PODFILE_DIR_PATH}/Podfile.lock\" \"${PODS_ROOT}/Manifest.lock\" > /dev/null\nif [ $? != 0 ] ; then\n    # print error to STDERR\n    echo \"error: The sandbox is not in sync with the Podfile.lock. Run 'pod install' or update your CocoaPods installation.\" >&2\n    exit 1\nfi\n# This output is used by Xcode 'outputs' to avoid re-running this script phase.\necho \"SUCCESS\" > \"${SCRIPT_OUTPUT_FILE_0}\"\n";
			showEnvVarsInLog = 0;
		};
		8A41E9EF13250E24FB8F82EF /* [CP] Embed Pods Frameworks */ = {
			isa = PBXShellScriptBuildPhase;
			buildActionMask = 2147483647;
			files = (
			);
			inputFileListPaths = (
				"${PODS_ROOT}/Target Support Files/Pods-MarvelApp/Pods-MarvelApp-frameworks-${CONFIGURATION}-input-files.xcfilelist",
			);
			name = "[CP] Embed Pods Frameworks";
			outputFileListPaths = (
				"${PODS_ROOT}/Target Support Files/Pods-MarvelApp/Pods-MarvelApp-frameworks-${CONFIGURATION}-output-files.xcfilelist",
			);
			runOnlyForDeploymentPostprocessing = 0;
			shellPath = /bin/sh;
			shellScript = "\"${PODS_ROOT}/Target Support Files/Pods-MarvelApp/Pods-MarvelApp-frameworks.sh\"\n";
			showEnvVarsInLog = 0;
		};
/* End PBXShellScriptBuildPhase section */

/* Begin PBXSourcesBuildPhase section */
		5BD9268327FD755200C3CCAD /* Sources */ = {
			isa = PBXSourcesBuildPhase;
			buildActionMask = 2147483647;
			files = (
				5BD926C227FD7CB000C3CCAD /* NetworkConstants.swift in Sources */,
				5BD926BD27FD7A1400C3CCAD /* BaseAPI.swift in Sources */,
				5BD926C927FD8D2A00C3CCAD /* GetCharactersUseCase.swift in Sources */,
				5BD926CE27FD925500C3CCAD /* String+MD5.swift in Sources */,
				5BD9268F27FD755200C3CCAD /* ViewController.swift in Sources */,
				5BD9268B27FD755200C3CCAD /* AppDelegate.swift in Sources */,
				5BD926C527FD848B00C3CCAD /* CharactersAPI.swift in Sources */,
				5BD926C027FD7B1000C3CCAD /* APIService.swift in Sources */,
				5BD9268D27FD755200C3CCAD /* SceneDelegate.swift in Sources */,
			);
			runOnlyForDeploymentPostprocessing = 0;
		};
		5BD9269927FD755500C3CCAD /* Sources */ = {
			isa = PBXSourcesBuildPhase;
			buildActionMask = 2147483647;
			files = (
				5BD926A227FD755500C3CCAD /* MarvelAppTests.swift in Sources */,
			);
			runOnlyForDeploymentPostprocessing = 0;
		};
		5BD926A327FD755500C3CCAD /* Sources */ = {
			isa = PBXSourcesBuildPhase;
			buildActionMask = 2147483647;
			files = (
				5BD926AC27FD755500C3CCAD /* MarvelAppUITests.swift in Sources */,
				5BD926AE27FD755500C3CCAD /* MarvelAppUITestsLaunchTests.swift in Sources */,
			);
			runOnlyForDeploymentPostprocessing = 0;
		};
/* End PBXSourcesBuildPhase section */

/* Begin PBXTargetDependency section */
		5BD9269F27FD755500C3CCAD /* PBXTargetDependency */ = {
			isa = PBXTargetDependency;
			target = 5BD9268627FD755200C3CCAD /* MarvelApp */;
			targetProxy = 5BD9269E27FD755500C3CCAD /* PBXContainerItemProxy */;
		};
		5BD926A927FD755500C3CCAD /* PBXTargetDependency */ = {
			isa = PBXTargetDependency;
			target = 5BD9268627FD755200C3CCAD /* MarvelApp */;
			targetProxy = 5BD926A827FD755500C3CCAD /* PBXContainerItemProxy */;
		};
/* End PBXTargetDependency section */

/* Begin PBXVariantGroup section */
		5BD9269027FD755200C3CCAD /* Main.storyboard */ = {
			isa = PBXVariantGroup;
			children = (
				5BD9269127FD755200C3CCAD /* Base */,
			);
			name = Main.storyboard;
			sourceTree = "<group>";
		};
		5BD9269527FD755400C3CCAD /* LaunchScreen.storyboard */ = {
			isa = PBXVariantGroup;
			children = (
				5BD9269627FD755400C3CCAD /* Base */,
			);
			name = LaunchScreen.storyboard;
			sourceTree = "<group>";
		};
/* End PBXVariantGroup section */

/* Begin XCBuildConfiguration section */
		5BD926AF27FD755500C3CCAD /* Debug */ = {
			isa = XCBuildConfiguration;
			buildSettings = {
				ALWAYS_SEARCH_USER_PATHS = NO;
				CLANG_ANALYZER_NONNULL = YES;
				CLANG_ANALYZER_NUMBER_OBJECT_CONVERSION = YES_AGGRESSIVE;
				CLANG_CXX_LANGUAGE_STANDARD = "gnu++17";
				CLANG_CXX_LIBRARY = "libc++";
				CLANG_ENABLE_MODULES = YES;
				CLANG_ENABLE_OBJC_ARC = YES;
				CLANG_ENABLE_OBJC_WEAK = YES;
				CLANG_WARN_BLOCK_CAPTURE_AUTORELEASING = YES;
				CLANG_WARN_BOOL_CONVERSION = YES;
				CLANG_WARN_COMMA = YES;
				CLANG_WARN_CONSTANT_CONVERSION = YES;
				CLANG_WARN_DEPRECATED_OBJC_IMPLEMENTATIONS = YES;
				CLANG_WARN_DIRECT_OBJC_ISA_USAGE = YES_ERROR;
				CLANG_WARN_DOCUMENTATION_COMMENTS = YES;
				CLANG_WARN_EMPTY_BODY = YES;
				CLANG_WARN_ENUM_CONVERSION = YES;
				CLANG_WARN_INFINITE_RECURSION = YES;
				CLANG_WARN_INT_CONVERSION = YES;
				CLANG_WARN_NON_LITERAL_NULL_CONVERSION = YES;
				CLANG_WARN_OBJC_IMPLICIT_RETAIN_SELF = YES;
				CLANG_WARN_OBJC_LITERAL_CONVERSION = YES;
				CLANG_WARN_OBJC_ROOT_CLASS = YES_ERROR;
				CLANG_WARN_QUOTED_INCLUDE_IN_FRAMEWORK_HEADER = YES;
				CLANG_WARN_RANGE_LOOP_ANALYSIS = YES;
				CLANG_WARN_STRICT_PROTOTYPES = YES;
				CLANG_WARN_SUSPICIOUS_MOVE = YES;
				CLANG_WARN_UNGUARDED_AVAILABILITY = YES_AGGRESSIVE;
				CLANG_WARN_UNREACHABLE_CODE = YES;
				CLANG_WARN__DUPLICATE_METHOD_MATCH = YES;
				COPY_PHASE_STRIP = NO;
				DEBUG_INFORMATION_FORMAT = dwarf;
				ENABLE_STRICT_OBJC_MSGSEND = YES;
				ENABLE_TESTABILITY = YES;
				GCC_C_LANGUAGE_STANDARD = gnu11;
				GCC_DYNAMIC_NO_PIC = NO;
				GCC_NO_COMMON_BLOCKS = YES;
				GCC_OPTIMIZATION_LEVEL = 0;
				GCC_PREPROCESSOR_DEFINITIONS = (
					"DEBUG=1",
					"$(inherited)",
				);
				GCC_WARN_64_TO_32_BIT_CONVERSION = YES;
				GCC_WARN_ABOUT_RETURN_TYPE = YES_ERROR;
				GCC_WARN_UNDECLARED_SELECTOR = YES;
				GCC_WARN_UNINITIALIZED_AUTOS = YES_AGGRESSIVE;
				GCC_WARN_UNUSED_FUNCTION = YES;
				GCC_WARN_UNUSED_VARIABLE = YES;
				IPHONEOS_DEPLOYMENT_TARGET = 15.2;
				MTL_ENABLE_DEBUG_INFO = INCLUDE_SOURCE;
				MTL_FAST_MATH = YES;
				ONLY_ACTIVE_ARCH = YES;
				SDKROOT = iphoneos;
				SWIFT_ACTIVE_COMPILATION_CONDITIONS = DEBUG;
				SWIFT_OPTIMIZATION_LEVEL = "-Onone";
			};
			name = Debug;
		};
		5BD926B027FD755500C3CCAD /* Release */ = {
			isa = XCBuildConfiguration;
			buildSettings = {
				ALWAYS_SEARCH_USER_PATHS = NO;
				CLANG_ANALYZER_NONNULL = YES;
				CLANG_ANALYZER_NUMBER_OBJECT_CONVERSION = YES_AGGRESSIVE;
				CLANG_CXX_LANGUAGE_STANDARD = "gnu++17";
				CLANG_CXX_LIBRARY = "libc++";
				CLANG_ENABLE_MODULES = YES;
				CLANG_ENABLE_OBJC_ARC = YES;
				CLANG_ENABLE_OBJC_WEAK = YES;
				CLANG_WARN_BLOCK_CAPTURE_AUTORELEASING = YES;
				CLANG_WARN_BOOL_CONVERSION = YES;
				CLANG_WARN_COMMA = YES;
				CLANG_WARN_CONSTANT_CONVERSION = YES;
				CLANG_WARN_DEPRECATED_OBJC_IMPLEMENTATIONS = YES;
				CLANG_WARN_DIRECT_OBJC_ISA_USAGE = YES_ERROR;
				CLANG_WARN_DOCUMENTATION_COMMENTS = YES;
				CLANG_WARN_EMPTY_BODY = YES;
				CLANG_WARN_ENUM_CONVERSION = YES;
				CLANG_WARN_INFINITE_RECURSION = YES;
				CLANG_WARN_INT_CONVERSION = YES;
				CLANG_WARN_NON_LITERAL_NULL_CONVERSION = YES;
				CLANG_WARN_OBJC_IMPLICIT_RETAIN_SELF = YES;
				CLANG_WARN_OBJC_LITERAL_CONVERSION = YES;
				CLANG_WARN_OBJC_ROOT_CLASS = YES_ERROR;
				CLANG_WARN_QUOTED_INCLUDE_IN_FRAMEWORK_HEADER = YES;
				CLANG_WARN_RANGE_LOOP_ANALYSIS = YES;
				CLANG_WARN_STRICT_PROTOTYPES = YES;
				CLANG_WARN_SUSPICIOUS_MOVE = YES;
				CLANG_WARN_UNGUARDED_AVAILABILITY = YES_AGGRESSIVE;
				CLANG_WARN_UNREACHABLE_CODE = YES;
				CLANG_WARN__DUPLICATE_METHOD_MATCH = YES;
				COPY_PHASE_STRIP = NO;
				DEBUG_INFORMATION_FORMAT = "dwarf-with-dsym";
				ENABLE_NS_ASSERTIONS = NO;
				ENABLE_STRICT_OBJC_MSGSEND = YES;
				GCC_C_LANGUAGE_STANDARD = gnu11;
				GCC_NO_COMMON_BLOCKS = YES;
				GCC_WARN_64_TO_32_BIT_CONVERSION = YES;
				GCC_WARN_ABOUT_RETURN_TYPE = YES_ERROR;
				GCC_WARN_UNDECLARED_SELECTOR = YES;
				GCC_WARN_UNINITIALIZED_AUTOS = YES_AGGRESSIVE;
				GCC_WARN_UNUSED_FUNCTION = YES;
				GCC_WARN_UNUSED_VARIABLE = YES;
				IPHONEOS_DEPLOYMENT_TARGET = 15.2;
				MTL_ENABLE_DEBUG_INFO = NO;
				MTL_FAST_MATH = YES;
				SDKROOT = iphoneos;
				SWIFT_COMPILATION_MODE = wholemodule;
				SWIFT_OPTIMIZATION_LEVEL = "-O";
				VALIDATE_PRODUCT = YES;
			};
			name = Release;
		};
		5BD926B227FD755500C3CCAD /* Debug */ = {
			isa = XCBuildConfiguration;
			baseConfigurationReference = AF999BB9D8980F76D12D8FB4 /* Pods-MarvelApp.debug.xcconfig */;
			buildSettings = {
				ASSETCATALOG_COMPILER_APPICON_NAME = AppIcon;
				ASSETCATALOG_COMPILER_GLOBAL_ACCENT_COLOR_NAME = AccentColor;
				CODE_SIGN_STYLE = Automatic;
				CURRENT_PROJECT_VERSION = 1;
				GENERATE_INFOPLIST_FILE = YES;
				INFOPLIST_FILE = MarvelApp/Info.plist;
				INFOPLIST_KEY_UIApplicationSupportsIndirectInputEvents = YES;
				INFOPLIST_KEY_UILaunchStoryboardName = LaunchScreen;
				INFOPLIST_KEY_UIMainStoryboardFile = Main;
				INFOPLIST_KEY_UISupportedInterfaceOrientations_iPad = "UIInterfaceOrientationPortrait UIInterfaceOrientationPortraitUpsideDown UIInterfaceOrientationLandscapeLeft UIInterfaceOrientationLandscapeRight";
				INFOPLIST_KEY_UISupportedInterfaceOrientations_iPhone = "UIInterfaceOrientationPortrait UIInterfaceOrientationLandscapeLeft UIInterfaceOrientationLandscapeRight";
				LD_RUNPATH_SEARCH_PATHS = (
					"$(inherited)",
					"@executable_path/Frameworks",
				);
				MARKETING_VERSION = 1.0;
				PRODUCT_BUNDLE_IDENTIFIER = com.efernandez.MarvelApp;
				PRODUCT_NAME = "$(TARGET_NAME)";
				SWIFT_EMIT_LOC_STRINGS = YES;
				SWIFT_VERSION = 5.0;
				TARGETED_DEVICE_FAMILY = "1,2";
			};
			name = Debug;
		};
		5BD926B327FD755500C3CCAD /* Release */ = {
			isa = XCBuildConfiguration;
			baseConfigurationReference = 98B3DF2151AD76C7EC219E40 /* Pods-MarvelApp.release.xcconfig */;
			buildSettings = {
				ASSETCATALOG_COMPILER_APPICON_NAME = AppIcon;
				ASSETCATALOG_COMPILER_GLOBAL_ACCENT_COLOR_NAME = AccentColor;
				CODE_SIGN_STYLE = Automatic;
				CURRENT_PROJECT_VERSION = 1;
				GENERATE_INFOPLIST_FILE = YES;
				INFOPLIST_FILE = MarvelApp/Info.plist;
				INFOPLIST_KEY_UIApplicationSupportsIndirectInputEvents = YES;
				INFOPLIST_KEY_UILaunchStoryboardName = LaunchScreen;
				INFOPLIST_KEY_UIMainStoryboardFile = Main;
				INFOPLIST_KEY_UISupportedInterfaceOrientations_iPad = "UIInterfaceOrientationPortrait UIInterfaceOrientationPortraitUpsideDown UIInterfaceOrientationLandscapeLeft UIInterfaceOrientationLandscapeRight";
				INFOPLIST_KEY_UISupportedInterfaceOrientations_iPhone = "UIInterfaceOrientationPortrait UIInterfaceOrientationLandscapeLeft UIInterfaceOrientationLandscapeRight";
				LD_RUNPATH_SEARCH_PATHS = (
					"$(inherited)",
					"@executable_path/Frameworks",
				);
				MARKETING_VERSION = 1.0;
				PRODUCT_BUNDLE_IDENTIFIER = com.efernandez.MarvelApp;
				PRODUCT_NAME = "$(TARGET_NAME)";
				SWIFT_EMIT_LOC_STRINGS = YES;
				SWIFT_VERSION = 5.0;
				TARGETED_DEVICE_FAMILY = "1,2";
			};
			name = Release;
		};
		5BD926B527FD755500C3CCAD /* Debug */ = {
			isa = XCBuildConfiguration;
			baseConfigurationReference = 9F2FA983D7C261E6701FAFFA /* Pods-MarvelAppTests.debug.xcconfig */;
			buildSettings = {
				ALWAYS_EMBED_SWIFT_STANDARD_LIBRARIES = YES;
				BUNDLE_LOADER = "$(TEST_HOST)";
				CODE_SIGN_STYLE = Automatic;
				CURRENT_PROJECT_VERSION = 1;
				GENERATE_INFOPLIST_FILE = YES;
				IPHONEOS_DEPLOYMENT_TARGET = 15.2;
				MARKETING_VERSION = 1.0;
				PRODUCT_BUNDLE_IDENTIFIER = com.efernandez.MarvelAppTests;
				PRODUCT_NAME = "$(TARGET_NAME)";
				SWIFT_EMIT_LOC_STRINGS = NO;
				SWIFT_VERSION = 5.0;
				TARGETED_DEVICE_FAMILY = "1,2";
				TEST_HOST = "$(BUILT_PRODUCTS_DIR)/MarvelApp.app/MarvelApp";
			};
			name = Debug;
		};
		5BD926B627FD755500C3CCAD /* Release */ = {
			isa = XCBuildConfiguration;
			baseConfigurationReference = 5B6996D40DBF0908E7A1203A /* Pods-MarvelAppTests.release.xcconfig */;
			buildSettings = {
				ALWAYS_EMBED_SWIFT_STANDARD_LIBRARIES = YES;
				BUNDLE_LOADER = "$(TEST_HOST)";
				CODE_SIGN_STYLE = Automatic;
				CURRENT_PROJECT_VERSION = 1;
				GENERATE_INFOPLIST_FILE = YES;
				IPHONEOS_DEPLOYMENT_TARGET = 15.2;
				MARKETING_VERSION = 1.0;
				PRODUCT_BUNDLE_IDENTIFIER = com.efernandez.MarvelAppTests;
				PRODUCT_NAME = "$(TARGET_NAME)";
				SWIFT_EMIT_LOC_STRINGS = NO;
				SWIFT_VERSION = 5.0;
				TARGETED_DEVICE_FAMILY = "1,2";
				TEST_HOST = "$(BUILT_PRODUCTS_DIR)/MarvelApp.app/MarvelApp";
			};
			name = Release;
		};
		5BD926B827FD755500C3CCAD /* Debug */ = {
			isa = XCBuildConfiguration;
			baseConfigurationReference = 54DEDB89B5B3352968189152 /* Pods-MarvelApp-MarvelAppUITests.debug.xcconfig */;
			buildSettings = {
				ALWAYS_EMBED_SWIFT_STANDARD_LIBRARIES = YES;
				CODE_SIGN_STYLE = Automatic;
				CURRENT_PROJECT_VERSION = 1;
				GENERATE_INFOPLIST_FILE = YES;
				MARKETING_VERSION = 1.0;
				PRODUCT_BUNDLE_IDENTIFIER = com.efernandez.MarvelAppUITests;
				PRODUCT_NAME = "$(TARGET_NAME)";
				SWIFT_EMIT_LOC_STRINGS = NO;
				SWIFT_VERSION = 5.0;
				TARGETED_DEVICE_FAMILY = "1,2";
				TEST_TARGET_NAME = MarvelApp;
			};
			name = Debug;
		};
		5BD926B927FD755500C3CCAD /* Release */ = {
			isa = XCBuildConfiguration;
			baseConfigurationReference = 74E70DAC75BE5DB4962EE3F5 /* Pods-MarvelApp-MarvelAppUITests.release.xcconfig */;
			buildSettings = {
				ALWAYS_EMBED_SWIFT_STANDARD_LIBRARIES = YES;
				CODE_SIGN_STYLE = Automatic;
				CURRENT_PROJECT_VERSION = 1;
				GENERATE_INFOPLIST_FILE = YES;
				MARKETING_VERSION = 1.0;
				PRODUCT_BUNDLE_IDENTIFIER = com.efernandez.MarvelAppUITests;
				PRODUCT_NAME = "$(TARGET_NAME)";
				SWIFT_EMIT_LOC_STRINGS = NO;
				SWIFT_VERSION = 5.0;
				TARGETED_DEVICE_FAMILY = "1,2";
				TEST_TARGET_NAME = MarvelApp;
			};
			name = Release;
		};
/* End XCBuildConfiguration section */

/* Begin XCConfigurationList section */
		5BD9268227FD755200C3CCAD /* Build configuration list for PBXProject "MarvelApp" */ = {
			isa = XCConfigurationList;
			buildConfigurations = (
				5BD926AF27FD755500C3CCAD /* Debug */,
				5BD926B027FD755500C3CCAD /* Release */,
			);
			defaultConfigurationIsVisible = 0;
			defaultConfigurationName = Release;
		};
		5BD926B127FD755500C3CCAD /* Build configuration list for PBXNativeTarget "MarvelApp" */ = {
			isa = XCConfigurationList;
			buildConfigurations = (
				5BD926B227FD755500C3CCAD /* Debug */,
				5BD926B327FD755500C3CCAD /* Release */,
			);
			defaultConfigurationIsVisible = 0;
			defaultConfigurationName = Release;
		};
		5BD926B427FD755500C3CCAD /* Build configuration list for PBXNativeTarget "MarvelAppTests" */ = {
			isa = XCConfigurationList;
			buildConfigurations = (
				5BD926B527FD755500C3CCAD /* Debug */,
				5BD926B627FD755500C3CCAD /* Release */,
			);
			defaultConfigurationIsVisible = 0;
			defaultConfigurationName = Release;
		};
		5BD926B727FD755500C3CCAD /* Build configuration list for PBXNativeTarget "MarvelAppUITests" */ = {
			isa = XCConfigurationList;
			buildConfigurations = (
				5BD926B827FD755500C3CCAD /* Debug */,
				5BD926B927FD755500C3CCAD /* Release */,
			);
			defaultConfigurationIsVisible = 0;
			defaultConfigurationName = Release;
		};
/* End XCConfigurationList section */
	};
	rootObject = 5BD9267F27FD755200C3CCAD /* Project object */;
}
